{
  "requires": true,
  "lockfileVersion": 1,
  "dependencies": {
    "sweetalert2": {
      "version": "8.18.1",
      "resolved": "https://registry.npmjs.org/sweetalert2/-/sweetalert2-8.18.1.tgz",
      "integrity": "sha512-Sjqj8sFwfL7Oa4TbMzYHgZJGEbmLGVXk2LZyjhMTVBjoxdTxVyYoaIw8zph3xVAX3fSYzueQ2xe89dxGX/E9hw=="
    }
  }
}
